<?xml version="1.0" encoding="UTF-8"?>
<CONFIG>
  <ProjectOptions>
    <Version Value="11"/>
    <PathDelim Value="\"/>
    <General>
      <Flags>
        <MainUnitHasUsesSectionForAllUnits Value="False"/>
        <MainUnitHasCreateFormStatements Value="False"/>
        <MainUnitHasTitleStatement Value="False"/>
        <MainUnitHasScaledStatement Value="False"/>
      </Flags>
      <SessionStorage Value="InProjectDir"/>
      <MainUnit Value="0"/>
      <Title Value="GBEmu"/>
      <Scaled Value="True"/>
      <UseAppBundle Value="False"/>
      <ResourceType Value="res"/>
      <UseXPManifest Value="True"/>
      <XPManifest>
        <DpiAware Value="True"/>
        <TextName Value="SuperDisk.UGE.HugeTracker"/>
        <TextDesc Value="The ultimate soundtracking and composing tool for Gameboy!"/>
      </XPManifest>
      <Icon Value="0"/>
    </General>
    <BuildModes Count="1">
      <Item1 Name="Default" Default="True"/>
    </BuildModes>
    <PublishOptions>
      <Version Value="2"/>
    </PublishOptions>
    <RunParams>
      <local>
        <CommandLineParams Value="C:\Projects\GB-Stuff\uge\driver.gb"/>
      </local>
      <FormatVersion Value="2"/>
      <Modes Count="1">
        <Mode0 Name="default">
          <local>
            <CommandLineParams Value="C:\Projects\GB-Stuff\uge\driver.gb"/>
          </local>
        </Mode0>
      </Modes>
    </RunParams>
    <RequiredPackages Count="10">
      <Item1>
        <PackageName Value="LazColorPalette"/>
      </Item1>
      <Item2>
        <PackageName Value="RackCtlsPkg"/>
      </Item2>
      <Item3>
        <PackageName Value="laz_fpspreadsheet_visual"/>
      </Item3>
      <Item4>
        <PackageName Value="RunTimeTypeInfoControls"/>
      </Item4>
      <Item5>
        <PackageName Value="virtualtreeview_package"/>
      </Item5>
      <Item6>
        <PackageName Value="SynEdit"/>
      </Item6>
      <Item7>
        <PackageName Value="eccontrols"/>
      </Item7>
      <Item8>
        <PackageName Value="LazControls"/>
      </Item8>
      <Item9>
        <PackageName Value="BGRABitmapPack"/>
      </Item9>
      <Item10>
        <PackageName Value="LCL"/>
      </Item10>
    </RequiredPackages>
    <Units Count="25">
      <Unit0>
        <Filename Value="GBEmu.lpr"/>
        <IsPartOfProject Value="True"/>
      </Unit0>
      <Unit1>
        <Filename Value="UnitMain.pas"/>
        <IsPartOfProject Value="True"/>
        <ComponentName Value="frmGameboy"/>
        <HasResources Value="True"/>
        <ResourceBaseClass Value="Form"/>
      </Unit1>
      <Unit2>
        <Filename Value="Debugger\debugger.pas"/>
        <IsPartOfProject Value="True"/>
      </Unit2>
      <Unit3>
        <Filename Value="Gpu\gfx.pas"/>
        <IsPartOfProject Value="True"/>
      </Unit3>
      <Unit4>
        <Filename Value="Cpu\machine.pas"/>
        <IsPartOfProject Value="True"/>
      </Unit4>
      <Unit5>
        <Filename Value="Cpu\z80cpu.pas"/>
        <IsPartOfProject Value="True"/>
        <UnitName Value="Z80CPU"/>
      </Unit5>
      <Unit6>
        <Filename Value="Sound\sound.pas"/>
        <IsPartOfProject Value="True"/>
      </Unit6>
      <Unit7>
        <Filename Value="Global\vars.pas"/>
        <IsPartOfProject Value="True"/>
      </Unit7>
      <Unit8>
        <Filename Value="mainloop.pas"/>
        <IsPartOfProject Value="True"/>
      </Unit8>
      <Unit9>
        <Filename Value="Debugger\UnitDebug.pas"/>
        <IsPartOfProject Value="True"/>
        <HasResources Value="True"/>
      </Unit9>
      <Unit10>
        <Filename Value="Debugger\UnitMapview.pas"/>
        <IsPartOfProject Value="True"/>
        <HasResources Value="True"/>
      </Unit10>
      <Unit11>
        <Filename Value="tracker.pas"/>
        <IsPartOfProject Value="True"/>
        <ComponentName Value="frmTracker"/>
        <HasResources Value="True"/>
        <ResourceBaseClass Value="Form"/>
        <UnitName Value="Tracker"/>
      </Unit11>
      <Unit12>
        <Filename Value="about.pas"/>
        <IsPartOfProject Value="True"/>
        <ComponentName Value="frmAbout"/>
        <HasResources Value="True"/>
        <ResourceBaseClass Value="Form"/>
        <UnitName Value="About"/>
      </Unit12>
      <Unit13>
        <Filename Value="instruments.pas"/>
        <IsPartOfProject Value="True"/>
      </Unit13>
      <Unit14>
        <Filename Value="song.pas"/>
        <IsPartOfProject Value="True"/>
        <UnitName Value="Song"/>
      </Unit14>
      <Unit15>
        <Filename Value="emulationthread.pas"/>
        <IsPartOfProject Value="True"/>
        <UnitName Value="EmulationThread"/>
      </Unit15>
      <Unit16>
        <Filename Value="utils.pas"/>
        <IsPartOfProject Value="True"/>
        <UnitName Value="Utils"/>
      </Unit16>
      <Unit17>
        <Filename Value="constants.pas"/>
        <IsPartOfProject Value="True"/>
        <UnitName Value="Constants"/>
      </Unit17>
      <Unit18>
        <Filename Value="waves.pas"/>
        <IsPartOfProject Value="True"/>
        <UnitName Value="Waves"/>
      </Unit18>
      <Unit19>
        <Filename Value="about_hugetracker.pas"/>
        <IsPartOfProject Value="True"/>
        <ComponentName Value="frmAboutHugetracker"/>
        <HasResources Value="True"/>
        <ResourceBaseClass Value="Form"/>
      </Unit19>
      <Unit20>
        <Filename Value="trackergrid.pas"/>
        <IsPartOfProject Value="True"/>
        <UnitName Value="TrackerGrid"/>
      </Unit20>
      <Unit21>
        <Filename Value="patterns.pas"/>
        <IsPartOfProject Value="True"/>
        <UnitName Value="Patterns"/>
      </Unit21>
      <Unit22>
        <Filename Value="clipboardutils.pas"/>
        <IsPartOfProject Value="True"/>
        <UnitName Value="ClipboardUtils"/>
      </Unit22>
      <Unit23>
        <Filename Value="hugedatatypes.pas"/>
        <IsPartOfProject Value="True"/>
        <UnitName Value="HugeDatatypes"/>
      </Unit23>
      <Unit24>
        <Filename Value="codegen.pas"/>
        <IsPartOfProject Value="True"/>
        <UnitName Value="Codegen"/>
      </Unit24>
    </Units>
  </ProjectOptions>
  <CompilerOptions>
    <Version Value="11"/>
    <PathDelim Value="\"/>
    <SearchPaths>
      <IncludeFiles Value="Debugger;Directx;GPU;CPU;Sound;Global;Components;$(ProjOutDir)"/>
      <OtherUnitFiles Value="Debugger;GPU;CPU;Sound;Global"/>
      <UnitOutputDirectory Value="lib\$(TargetCPU)-$(TargetOS)"/>
    </SearchPaths>
    <Parsing>
      <SyntaxOptions>
        <CStyleOperator Value="False"/>
        <CPPInline Value="False"/>
      </SyntaxOptions>
    </Parsing>
    <CodeGeneration>
      <TargetCPU Value="i386"/>
      <TargetOS Value="win32"/>
    </CodeGeneration>
    <Other>
      <CustomOptions Value="-dBorland -dVer150 -dDelphi7 -dCompiler6_Up -dPUREPASCAL"/>
    </Other>
  </CompilerOptions>
  <Debugging>
    <Exceptions Count="3">
      <Item1>
        <Name Value="EAbort"/>
      </Item1>
      <Item2>
        <Name Value="ECodetoolError"/>
      </Item2>
      <Item3>
        <Name Value="EFOpenError"/>
      </Item3>
    </Exceptions>
  </Debugging>
</CONFIG>
