<?xml version="1.0" encoding="UTF-8"?>
<CONFIG>
  <ProjectOptions>
    <Version Value="11"/>
    <PathDelim Value="\"/>
    <General>
      <SessionStorage Value="InProjectDir"/>
      <MainUnit Value="0"/>
      <Title Value="hUGETracker"/>
      <Scaled Value="True"/>
      <ResourceType Value="res"/>
      <UseXPManifest Value="True"/>
      <XPManifest>
        <DpiAware Value="True"/>
        <TextName Value="SuperDisk.UGE.HugeTracker"/>
        <TextDesc Value="The ultimate soundtracking and composing tool for Gameboy!"/>
      </XPManifest>
      <Icon Value="0"/>
    </General>
    <BuildModes Count="4">
      <Item1 Name="Development" Default="True"/>
      <Item2 Name="Production Windows">
        <CompilerOptions>
          <Version Value="11"/>
          <PathDelim Value="\"/>
          <Target>
            <Filename Value="Release\hUGETracker"/>
          </Target>
          <SearchPaths>
            <IncludeFiles Value="CPU;Sound;Global;$(ProjOutDir)"/>
            <OtherUnitFiles Value="CPU;Sound;Global;Pascal-SDL-2-Headers"/>
            <UnitOutputDirectory Value="lib\Production\$(TargetCPU)-$(TargetOS)"/>
          </SearchPaths>
          <Parsing>
            <SyntaxOptions>
              <CStyleOperator Value="False"/>
              <CPPInline Value="False"/>
            </SyntaxOptions>
          </Parsing>
          <CodeGeneration>
            <SmartLinkUnit Value="True"/>
            <RelocatableUnit Value="True"/>
            <TargetCPU Value="x86_64"/>
            <TargetOS Value="win64"/>
            <Optimizations>
              <OptimizationLevel Value="4"/>
            </Optimizations>
          </CodeGeneration>
          <Linking>
            <Debugging>
              <GenerateDebugInfo Value="False"/>
              <UseLineInfoUnit Value="False"/>
              <StripSymbols Value="True"/>
            </Debugging>
            <LinkSmart Value="True"/>
            <Options>
              <Win32>
                <GraphicApplication Value="True"/>
              </Win32>
            </Options>
          </Linking>
          <Other>
            <Verbosity>
              <ShoLineNum Value="True"/>
              <ShowAll Value="True"/>
              <ShowDebugInfo Value="True"/>
              <ShowUsedFiles Value="True"/>
              <ShowTriedFiles Value="True"/>
              <ShowCompProc Value="True"/>
              <ShowCond Value="True"/>
              <ShowExecInfo Value="True"/>
              <ShowHintsForUnusedUnitsInMainSrc Value="True"/>
              <ShowHintsForSenderNotUsed Value="True"/>
            </Verbosity>
            <CustomOptions Value="-dBorland -dVer150 -dDelphi7 -dCompiler6_Up -dPUREPASCAL -dPRODUCTION"/>
          </Other>
        </CompilerOptions>
      </Item2>
      <Item3 Name="Production Linux">
        <CompilerOptions>
          <Version Value="11"/>
          <PathDelim Value="\"/>
          <Target>
            <Filename Value="Release\hUGETracker"/>
          </Target>
          <SearchPaths>
            <IncludeFiles Value="Cpu;Sound;Global;$(ProjOutDir)"/>
            <OtherUnitFiles Value="Cpu;Sound;Global;Pascal-SDL-2-Headers"/>
            <UnitOutputDirectory Value="lib\Production\$(TargetCPU)-$(TargetOS)"/>
          </SearchPaths>
          <Parsing>
            <SyntaxOptions>
              <CStyleOperator Value="False"/>
              <CPPInline Value="False"/>
            </SyntaxOptions>
          </Parsing>
          <CodeGeneration>
            <SmartLinkUnit Value="True"/>
            <TargetCPU Value="x86_64"/>
            <TargetOS Value="linux"/>
            <Optimizations>
              <OptimizationLevel Value="4"/>
            </Optimizations>
          </CodeGeneration>
          <Linking>
            <Debugging>
              <GenerateDebugInfo Value="False"/>
              <UseLineInfoUnit Value="False"/>
              <StripSymbols Value="True"/>
            </Debugging>
            <LinkSmart Value="True"/>
            <Options>
              <Win32>
                <GraphicApplication Value="True"/>
              </Win32>
            </Options>
          </Linking>
          <Other>
            <Verbosity>
              <ShoLineNum Value="True"/>
              <ShowAll Value="True"/>
              <ShowDebugInfo Value="True"/>
              <ShowUsedFiles Value="True"/>
              <ShowTriedFiles Value="True"/>
              <ShowCompProc Value="True"/>
              <ShowCond Value="True"/>
              <ShowExecInfo Value="True"/>
              <ShowHintsForUnusedUnitsInMainSrc Value="True"/>
              <ShowHintsForSenderNotUsed Value="True"/>
            </Verbosity>
            <CustomOptions Value="-dBorland -dVer150 -dDelphi7 -dCompiler6_Up -dPUREPASCAL -CfAVX2 -CpCOREAVX2 OpCOREAVX2 -Si -Sv -dPRODUCTION"/>
          </Other>
        </CompilerOptions>
      </Item3>
      <Item4 Name="Production Mac">
        <MacroValues Count="1">
          <Macro1 Name="LCLWidgetType" Value="cocoa"/>
        </MacroValues>
        <CompilerOptions>
          <Version Value="11"/>
          <PathDelim Value="\"/>
          <Target>
            <Filename Value="Release\hUGETracker"/>
          </Target>
          <SearchPaths>
            <IncludeFiles Value="Cpu;Sound;Global;$(ProjOutDir)"/>
            <OtherUnitFiles Value="Cpu;Sound;Global;Pascal-SDL-2-Headers"/>
            <UnitOutputDirectory Value="lib\Production\$(TargetCPU)-$(TargetOS)"/>
          </SearchPaths>
          <Parsing>
            <SyntaxOptions>
              <CStyleOperator Value="False"/>
              <CPPInline Value="False"/>
            </SyntaxOptions>
          </Parsing>
          <CodeGeneration>
            <SmartLinkUnit Value="True"/>
            <TargetCPU Value="x86_64"/>
            <TargetOS Value="darwin"/>
            <Optimizations>
              <OptimizationLevel Value="4"/>
            </Optimizations>
          </CodeGeneration>
          <Linking>
            <Debugging>
              <GenerateDebugInfo Value="False"/>
              <UseLineInfoUnit Value="False"/>
              <StripSymbols Value="True"/>
            </Debugging>
            <LinkSmart Value="True"/>
            <Options>
              <Win32>
                <GraphicApplication Value="True"/>
              </Win32>
            </Options>
          </Linking>
          <Other>
            <Verbosity>
              <ShoLineNum Value="True"/>
              <ShowAll Value="True"/>
              <ShowDebugInfo Value="True"/>
              <ShowUsedFiles Value="True"/>
              <ShowTriedFiles Value="True"/>
              <ShowCompProc Value="True"/>
              <ShowCond Value="True"/>
              <ShowExecInfo Value="True"/>
              <ShowHintsForUnusedUnitsInMainSrc Value="True"/>
              <ShowHintsForSenderNotUsed Value="True"/>
            </Verbosity>
            <CustomOptions Value="-dBorland -dVer150 -dDelphi7 -dCompiler6_Up -dPUREPASCAL -CfAVX2 -CpCOREAVX2 OpCOREAVX2 -Si -Sv -dPRODUCTION"/>
          </Other>
        </CompilerOptions>
      </Item4>
      <SharedMatrixOptions Count="1">
        <Item1 ID="895605429442" Modes="Production Mac" Type="IDEMacro" MacroName="LCLWidgetType" Value="cocoa"/>
      </SharedMatrixOptions>
    </BuildModes>
    <PublishOptions>
      <Version Value="2"/>
    </PublishOptions>
    <RunParams>
      <local>
        <CommandLineParams Value="&quot;C:\Projects\GB-Stuff\uge\SampleSongs\WVL - Yyna is a Girl.uge&quot;"/>
      </local>
      <FormatVersion Value="2"/>
      <Modes Count="1">
        <Mode0 Name="default">
          <local>
            <CommandLineParams Value="&quot;C:\Projects\GB-Stuff\uge\SampleSongs\WVL - Yyna is a Girl.uge&quot;"/>
          </local>
        </Mode0>
      </Modes>
    </RunParams>
    <RequiredPackages Count="5">
      <Item1>
        <PackageName Value="BGRABitmapPack"/>
      </Item1>
      <Item2>
        <PackageName Value="RackCtlsPkg"/>
      </Item2>
      <Item3>
        <PackageName Value="SynEdit"/>
      </Item3>
      <Item4>
        <PackageName Value="LazControls"/>
      </Item4>
      <Item5>
        <PackageName Value="LCL"/>
      </Item5>
    </RequiredPackages>
    <Units Count="24">
      <Unit0>
        <Filename Value="GBEmu.lpr"/>
        <IsPartOfProject Value="True"/>
      </Unit0>
      <Unit1>
        <Filename Value="Cpu\machine.pas"/>
        <IsPartOfProject Value="True"/>
      </Unit1>
      <Unit2>
        <Filename Value="Cpu\z80cpu.pas"/>
        <IsPartOfProject Value="True"/>
        <UnitName Value="Z80CPU"/>
      </Unit2>
      <Unit3>
        <Filename Value="Sound\sound.pas"/>
        <IsPartOfProject Value="True"/>
      </Unit3>
      <Unit4>
        <Filename Value="Global\vars.pas"/>
        <IsPartOfProject Value="True"/>
      </Unit4>
      <Unit5>
        <Filename Value="mainloop.pas"/>
        <IsPartOfProject Value="True"/>
      </Unit5>
      <Unit6>
        <Filename Value="tracker.pas"/>
        <IsPartOfProject Value="True"/>
        <ComponentName Value="frmTracker"/>
        <HasResources Value="True"/>
        <ResourceBaseClass Value="Form"/>
        <UnitName Value="Tracker"/>
      </Unit6>
      <Unit7>
        <Filename Value="instruments.pas"/>
        <IsPartOfProject Value="True"/>
      </Unit7>
      <Unit8>
        <Filename Value="song.pas"/>
        <IsPartOfProject Value="True"/>
        <UnitName Value="Song"/>
      </Unit8>
      <Unit9>
        <Filename Value="utils.pas"/>
        <IsPartOfProject Value="True"/>
        <UnitName Value="Utils"/>
      </Unit9>
      <Unit10>
        <Filename Value="constants.pas"/>
        <IsPartOfProject Value="True"/>
        <UnitName Value="Constants"/>
      </Unit10>
      <Unit11>
        <Filename Value="waves.pas"/>
        <IsPartOfProject Value="True"/>
        <UnitName Value="Waves"/>
      </Unit11>
      <Unit12>
        <Filename Value="about_hugetracker.pas"/>
        <IsPartOfProject Value="True"/>
        <ComponentName Value="frmAboutHugetracker"/>
        <HasResources Value="True"/>
        <ResourceBaseClass Value="Form"/>
      </Unit12>
      <Unit13>
        <Filename Value="trackergrid.pas"/>
        <IsPartOfProject Value="True"/>
        <UnitName Value="TrackerGrid"/>
      </Unit13>
      <Unit14>
        <Filename Value="clipboardutils.pas"/>
        <IsPartOfProject Value="True"/>
        <UnitName Value="ClipboardUtils"/>
      </Unit14>
      <Unit15>
        <Filename Value="hugedatatypes.pas"/>
        <IsPartOfProject Value="True"/>
        <UnitName Value="HugeDatatypes"/>
      </Unit15>
      <Unit16>
        <Filename Value="codegen.pas"/>
        <IsPartOfProject Value="True"/>
        <UnitName Value="Codegen"/>
      </Unit16>
      <Unit17>
        <Filename Value="symparser.pas"/>
        <IsPartOfProject Value="True"/>
        <UnitName Value="SymParser"/>
      </Unit17>
      <Unit18>
        <Filename Value="effecteditor.pas"/>
        <IsPartOfProject Value="True"/>
        <ComponentName Value="frmEffectEditor"/>
        <HasResources Value="True"/>
        <ResourceBaseClass Value="Form"/>
      </Unit18>
      <Unit19>
        <Filename Value="options.pas"/>
        <IsPartOfProject Value="True"/>
        <ComponentName Value="frmOptions"/>
        <HasResources Value="True"/>
        <ResourceBaseClass Value="Form"/>
      </Unit19>
      <Unit20>
        <Filename Value="rendertowave.pas"/>
        <IsPartOfProject Value="True"/>
        <ComponentName Value="frmRenderToWave"/>
        <HasResources Value="True"/>
        <ResourceBaseClass Value="Form"/>
        <UnitName Value="RenderToWave"/>
      </Unit20>
      <Unit21>
        <Filename Value="htwavewriter.pas"/>
        <IsPartOfProject Value="True"/>
        <UnitName Value="htWaveWriter"/>
      </Unit21>
      <Unit22>
        <Filename Value="nullstream.pas"/>
        <IsPartOfProject Value="True"/>
        <UnitName Value="NullStream"/>
      </Unit22>
      <Unit23>
        <Filename Value="modimport.pas"/>
        <IsPartOfProject Value="True"/>
        <UnitName Value="MODImport"/>
      </Unit23>
    </Units>
  </ProjectOptions>
  <CompilerOptions>
    <Version Value="11"/>
    <PathDelim Value="\"/>
    <SearchPaths>
      <IncludeFiles Value="CPU;Sound;Global;$(ProjOutDir)"/>
      <OtherUnitFiles Value="CPU;Sound;Global;Pascal-SDL-2-Headers"/>
      <UnitOutputDirectory Value="lib\Development\$(TargetCPU)-$(TargetOS)"/>
    </SearchPaths>
    <Parsing>
      <SyntaxOptions>
        <CStyleOperator Value="False"/>
        <IncludeAssertionCode Value="True"/>
        <CPPInline Value="False"/>
      </SyntaxOptions>
    </Parsing>
    <CodeGeneration>
      <Checks>
        <IOChecks Value="True"/>
        <RangeChecks Value="True"/>
        <OverflowChecks Value="True"/>
        <StackChecks Value="True"/>
      </Checks>
      <VerifyObjMethodCallValidity Value="True"/>
      <Optimizations>
        <OptimizationLevel Value="0"/>
      </Optimizations>
    </CodeGeneration>
    <Linking>
      <Debugging>
        <TrashVariables Value="True"/>
      </Debugging>
    </Linking>
    <Other>
      <Verbosity>
        <ShoLineNum Value="True"/>
        <ShowAll Value="True"/>
      </Verbosity>
      <CustomOptions Value="-dBorland -dVer150 -dDelphi7 -dCompiler6_Up -dPUREPASCAL -dDEVELOPMENT"/>
    </Other>
  </CompilerOptions>
</CONFIG>
