<?xml version="1.0" encoding="UTF-8"?>
<CONFIG>
  <ProjectOptions>
    <Version Value="12"/>
    <PathDelim Value="\"/>
    <General>
      <Flags>
        <CompatibilityMode Value="True"/>
      </Flags>
      <SessionStorage Value="InProjectDir"/>
      <Title Value="hUGETracker"/>
      <Scaled Value="True"/>
      <ResourceType Value="res"/>
      <UseXPManifest Value="True"/>
      <XPManifest>
        <DpiAware Value="True"/>
        <TextName Value="SuperDisk.UGE.HugeTracker"/>
        <TextDesc Value="The ultimate soundtracking and composing tool for Game Boy!"/>
      </XPManifest>
      <Icon Value="0"/>
    </General>
    <BuildModes Count="4">
      <Item1 Name="Development" Default="True"/>
      <Item2 Name="Production Windows">
        <CompilerOptions>
          <Version Value="11"/>
          <PathDelim Value="\"/>
          <Target>
            <Filename Value="Release\hUGETracker"/>
          </Target>
          <SearchPaths>
            <IncludeFiles Value="$(ProjOutDir)"/>
            <OtherUnitFiles Value="Pascal-SDL-2-Headers"/>
            <UnitOutputDirectory Value="lib\Production\$(TargetCPU)-$(TargetOS)"/>
          </SearchPaths>
          <Parsing>
            <SyntaxOptions>
              <CStyleOperator Value="False"/>
              <CPPInline Value="False"/>
            </SyntaxOptions>
          </Parsing>
          <CodeGeneration>
            <SmartLinkUnit Value="True"/>
            <RelocatableUnit Value="True"/>
            <TargetOS Value="win64"/>
            <Optimizations>
              <OptimizationLevel Value="3"/>
            </Optimizations>
          </CodeGeneration>
          <Linking>
            <Debugging>
              <GenerateDebugInfo Value="False"/>
              <RunWithoutDebug Value="True"/>
              <DebugInfoType Value="dsDwarf2Set"/>
              <UseLineInfoUnit Value="False"/>
              <StripSymbols Value="True"/>
            </Debugging>
            <LinkSmart Value="True"/>
            <Options>
              <Win32>
                <GraphicApplication Value="True"/>
              </Win32>
            </Options>
          </Linking>
          <Other>
            <Verbosity>
              <ShowNotes Value="False"/>
              <ShowHints Value="False"/>
              <ShoLineNum Value="True"/>
            </Verbosity>
            <WriteFPCLogo Value="False"/>
            <CustomOptions Value="-dPRODUCTION"/>
          </Other>
        </CompilerOptions>
      </Item2>
      <Item3 Name="Production Linux">
        <CompilerOptions>
          <Version Value="11"/>
          <PathDelim Value="\"/>
          <Target>
            <Filename Value="Release\hUGETracker"/>
          </Target>
          <SearchPaths>
            <IncludeFiles Value="$(ProjOutDir)"/>
            <OtherUnitFiles Value="Pascal-SDL-2-Headers"/>
            <UnitOutputDirectory Value="lib\Production\$(TargetCPU)-$(TargetOS)"/>
          </SearchPaths>
          <Parsing>
            <SyntaxOptions>
              <CStyleOperator Value="False"/>
              <CPPInline Value="False"/>
            </SyntaxOptions>
          </Parsing>
          <CodeGeneration>
            <SmartLinkUnit Value="True"/>
            <RelocatableUnit Value="True"/>
            <TargetOS Value="linux"/>
            <Optimizations>
              <OptimizationLevel Value="3"/>
            </Optimizations>
          </CodeGeneration>
          <Linking>
            <Debugging>
              <GenerateDebugInfo Value="False"/>
              <RunWithoutDebug Value="True"/>
              <UseLineInfoUnit Value="False"/>
              <StripSymbols Value="True"/>
            </Debugging>
            <LinkSmart Value="True"/>
            <Options>
              <PassLinkerOptions Value="True"/>
              <LinkerOptions Value="-z relro -z now"/>
              <Win32>
                <GraphicApplication Value="True"/>
              </Win32>
            </Options>
          </Linking>
          <Other>
            <Verbosity>
              <ShowNotes Value="False"/>
              <ShowHints Value="False"/>
              <ShoLineNum Value="True"/>
            </Verbosity>
            <WriteFPCLogo Value="False"/>
            <CustomOptions Value="-dPRODUCTION"/>
          </Other>
        </CompilerOptions>
      </Item3>
      <Item4 Name="Production Mac">
        <MacroValues Count="1">
          <Macro1 Name="LCLWidgetType" Value="cocoa"/>
        </MacroValues>
        <CompilerOptions>
          <Version Value="11"/>
          <PathDelim Value="\"/>
          <Target>
            <Filename Value="Release\hUGETracker"/>
          </Target>
          <SearchPaths>
            <IncludeFiles Value="$(ProjOutDir)"/>
            <Libraries Value="\usr\local\lib\"/>
            <OtherUnitFiles Value="Pascal-SDL-2-Headers"/>
            <UnitOutputDirectory Value="lib\Production\$(TargetCPU)-$(TargetOS)"/>
          </SearchPaths>
          <Parsing>
            <SyntaxOptions>
              <CStyleOperator Value="False"/>
              <CPPInline Value="False"/>
            </SyntaxOptions>
          </Parsing>
          <CodeGeneration>
            <SmartLinkUnit Value="True"/>
            <RelocatableUnit Value="True"/>
            <TargetOS Value="darwin"/>
          </CodeGeneration>
          <Linking>
            <Debugging>
              <GenerateDebugInfo Value="False"/>
              <RunWithoutDebug Value="True"/>
              <DebugInfoType Value="dsDwarf2Set"/>
              <StripSymbols Value="True"/>
            </Debugging>
            <LinkSmart Value="True"/>
            <Options>
              <Win32>
                <GraphicApplication Value="True"/>
              </Win32>
            </Options>
          </Linking>
          <Other>
            <Verbosity>
              <ShowNotes Value="False"/>
              <ShowHints Value="False"/>
              <ShoLineNum Value="True"/>
            </Verbosity>
            <WriteFPCLogo Value="False"/>
            <CustomOptions Value="-dPRODUCTION"/>
          </Other>
        </CompilerOptions>
      </Item4>
      <SharedMatrixOptions Count="1">
        <Item1 ID="895605429442" Modes="Production Mac" Type="IDEMacro" MacroName="LCLWidgetType" Value="cocoa"/>
      </SharedMatrixOptions>
    </BuildModes>
    <PublishOptions>
      <Version Value="2"/>
      <OpenInFileMan Value="True"/>
    </PublishOptions>
    <RunParams>
      <FormatVersion Value="2"/>
    </RunParams>
    <RequiredPackages Count="5">
      <Item1>
        <PackageName Value="BGRABitmapPack"/>
      </Item1>
      <Item2>
        <PackageName Value="RackCtlsPkg"/>
      </Item2>
      <Item3>
        <PackageName Value="SynEdit"/>
      </Item3>
      <Item4>
        <PackageName Value="LazControls"/>
      </Item4>
      <Item5>
        <PackageName Value="LCL"/>
      </Item5>
    </RequiredPackages>
    <Units Count="28">
      <Unit0>
        <Filename Value="hUGETracker.lpr"/>
        <IsPartOfProject Value="True"/>
      </Unit0>
      <Unit1>
        <Filename Value="mainloop.pas"/>
        <IsPartOfProject Value="True"/>
      </Unit1>
      <Unit2>
        <Filename Value="tracker.pas"/>
        <IsPartOfProject Value="True"/>
        <ComponentName Value="frmTracker"/>
        <HasResources Value="True"/>
        <ResourceBaseClass Value="Form"/>
        <UnitName Value="Tracker"/>
      </Unit2>
      <Unit3>
        <Filename Value="instruments.pas"/>
        <IsPartOfProject Value="True"/>
      </Unit3>
      <Unit4>
        <Filename Value="song.pas"/>
        <IsPartOfProject Value="True"/>
        <UnitName Value="Song"/>
      </Unit4>
      <Unit5>
        <Filename Value="utils.pas"/>
        <IsPartOfProject Value="True"/>
        <UnitName Value="Utils"/>
      </Unit5>
      <Unit6>
        <Filename Value="constants.pas"/>
        <IsPartOfProject Value="True"/>
        <UnitName Value="Constants"/>
      </Unit6>
      <Unit7>
        <Filename Value="about_hugetracker.pas"/>
        <IsPartOfProject Value="True"/>
        <ComponentName Value="frmAboutHugetracker"/>
        <HasResources Value="True"/>
        <ResourceBaseClass Value="Form"/>
      </Unit7>
      <Unit8>
        <Filename Value="trackergrid.pas"/>
        <IsPartOfProject Value="True"/>
        <UnitName Value="TrackerGrid"/>
      </Unit8>
      <Unit9>
        <Filename Value="clipboardutils.pas"/>
        <IsPartOfProject Value="True"/>
        <UnitName Value="ClipboardUtils"/>
      </Unit9>
      <Unit10>
        <Filename Value="hugedatatypes.pas"/>
        <IsPartOfProject Value="True"/>
        <UnitName Value="HugeDatatypes"/>
      </Unit10>
      <Unit11>
        <Filename Value="codegen.pas"/>
        <IsPartOfProject Value="True"/>
        <UnitName Value="Codegen"/>
      </Unit11>
      <Unit12>
        <Filename Value="symparser.pas"/>
        <IsPartOfProject Value="True"/>
        <UnitName Value="SymParser"/>
      </Unit12>
      <Unit13>
        <Filename Value="effecteditor.pas"/>
        <IsPartOfProject Value="True"/>
        <ComponentName Value="frmEffectEditor"/>
        <HasResources Value="True"/>
        <ResourceBaseClass Value="Form"/>
      </Unit13>
      <Unit14>
        <Filename Value="options.pas"/>
        <IsPartOfProject Value="True"/>
        <ComponentName Value="frmOptions"/>
        <HasResources Value="True"/>
        <ResourceBaseClass Value="Form"/>
      </Unit14>
      <Unit15>
        <Filename Value="rendertowave.pas"/>
        <IsPartOfProject Value="True"/>
        <ComponentName Value="frmRenderToWave"/>
        <HasResources Value="True"/>
        <ResourceBaseClass Value="Form"/>
        <UnitName Value="RenderToWave"/>
      </Unit15>
      <Unit16>
        <Filename Value="modimport.pas"/>
        <IsPartOfProject Value="True"/>
        <UnitName Value="MODImport"/>
      </Unit16>
      <Unit17>
        <Filename Value="keymap.pas"/>
        <IsPartOfProject Value="True"/>
        <UnitName Value="Keymap"/>
      </Unit17>
      <Unit18>
        <Filename Value="hugesettings.pas"/>
        <IsPartOfProject Value="True"/>
        <UnitName Value="hUGESettings"/>
      </Unit18>
      <Unit19>
        <Filename Value="vgm.pas"/>
        <IsPartOfProject Value="True"/>
        <UnitName Value="VGM"/>
      </Unit19>
      <Unit20>
        <Filename Value="tbmimport.pas"/>
        <IsPartOfProject Value="True"/>
        <UnitName Value="TBMImport"/>
      </Unit20>
      <Unit21>
        <Filename Value="instrumentpreview.pas"/>
        <IsPartOfProject Value="True"/>
        <UnitName Value="InstrumentPreview"/>
      </Unit21>
      <Unit22>
        <Filename Value="findreplace.pas"/>
        <IsPartOfProject Value="True"/>
        <ComponentName Value="frmFindReplace"/>
        <HasResources Value="True"/>
        <ResourceBaseClass Value="Form"/>
      </Unit22>
      <Unit23>
        <Filename Value="z80cpu.pas"/>
        <IsPartOfProject Value="True"/>
        <UnitName Value="Z80CPU"/>
      </Unit23>
      <Unit24>
        <Filename Value="cpu_tables.pas"/>
        <IsPartOfProject Value="True"/>
      </Unit24>
      <Unit25>
        <Filename Value="machine.pas"/>
        <IsPartOfProject Value="True"/>
      </Unit25>
      <Unit26>
        <Filename Value="sound.pas"/>
        <IsPartOfProject Value="True"/>
      </Unit26>
      <Unit27>
        <Filename Value="vars.pas"/>
        <IsPartOfProject Value="True"/>
      </Unit27>
    </Units>
  </ProjectOptions>
  <CompilerOptions>
    <Version Value="11"/>
    <PathDelim Value="\"/>
    <SearchPaths>
      <IncludeFiles Value="$(ProjOutDir)"/>
      <OtherUnitFiles Value="Pascal-SDL-2-Headers"/>
      <UnitOutputDirectory Value="lib\Development\$(TargetCPU)-$(TargetOS)"/>
    </SearchPaths>
    <Parsing>
      <SyntaxOptions>
        <CStyleOperator Value="False"/>
        <IncludeAssertionCode Value="True"/>
        <CPPInline Value="False"/>
      </SyntaxOptions>
    </Parsing>
    <CodeGeneration>
      <Checks>
        <IOChecks Value="True"/>
        <RangeChecks Value="True"/>
        <OverflowChecks Value="True"/>
        <StackChecks Value="True"/>
      </Checks>
      <VerifyObjMethodCallValidity Value="True"/>
      <Optimizations>
        <OptimizationLevel Value="0"/>
      </Optimizations>
    </CodeGeneration>
    <Linking>
      <Debugging>
        <DebugInfoType Value="dsDwarf2Set"/>
        <TrashVariables Value="True"/>
      </Debugging>
    </Linking>
    <Other>
      <Verbosity>
        <ShoLineNum Value="True"/>
      </Verbosity>
      <WriteFPCLogo Value="False"/>
      <CustomOptions Value="-dDEVELOPMENT"/>
    </Other>
  </CompilerOptions>
</CONFIG>
